
Microsoft Visual Studio Solution File, Format Version 12.00
# Visual Studio Version 16
VisualStudioVersion = 16.0.30907.101
MinimumVisualStudioVersion = 10.0.40219.1
Project("{9A19103F-16F7-4668-BE54-9A1E7A4F7556}") = "ContainerExpressions", "ContainerExpressions\ContainerExpressions.csproj", "{30BBB877-DA09-42C8-84B0-50A135C75999}"
EndProject
Project("{9A19103F-16F7-4668-BE54-9A1E7A4F7556}") = "Tests.ContainerExpressions", "Tests.ContainerExpressions\Tests.ContainerExpressions.csproj", "{D3E1219C-989F-427C-BFF0-C0B43BFD31DE}"
EndProject
Global
	GlobalSection(SolutionConfigurationPlatforms) = preSolution
		Debug|Any CPU = Debug|Any CPU
		Release|Any CPU = Release|Any CPU
	EndGlobalSection
	GlobalSection(ProjectConfigurationPlatforms) = postSolution
		{30BBB877-DA09-42C8-84B0-50A135C75999}.Debug|Any CPU.ActiveCfg = Debug|Any CPU
		{30BBB877-DA09-42C8-84B0-50A135C75999}.Debug|Any CPU.Build.0 = Debug|Any CPU
		{30BBB877-DA09-42C8-84B0-50A135C75999}.Release|Any CPU.ActiveCfg = Release|Any CPU
		{30BBB877-DA09-42C8-84B0-50A135C75999}.Release|Any CPU.Build.0 = Release|Any CPU
		{D3E1219C-989F-427C-BFF0-C0B43BFD31DE}.Debug|Any CPU.ActiveCfg = Debug|Any CPU
		{D3E1219C-989F-427C-BFF0-C0B43BFD31DE}.Debug|Any CPU.Build.0 = Debug|Any CPU
		{D3E1219C-989F-427C-BFF0-C0B43BFD31DE}.Release|Any CPU.ActiveCfg = Release|Any CPU
		{D3E1219C-989F-427C-BFF0-C0B43BFD31DE}.Release|Any CPU.Build.0 = Release|Any CPU
	EndGlobalSection
	GlobalSection(SolutionProperties) = preSolution
		HideSolutionNode = FALSE
	EndGlobalSection
	GlobalSection(ExtensibilityGlobals) = postSolution
		SolutionGuid = {0DA30C85-70D9-4D3D-875C-F094C34171A3}
	EndGlobalSection
EndGlobal
